
Microsoft Visual Studio Solution File, Format Version 12.00
# Visual Studio Version 17
VisualStudioVersion = 17.5.33516.290
MinimumVisualStudioVersion = 10.0.40219.1
Project("{9A19103F-16F7-4668-BE54-9A1E7A4F7556}") = "FileTranslator", "FileTranslator\FileTranslator.csproj", "{95F43B4B-8D8B-48F7-BE1A-8BB5DCD45D8B}"
EndProject
Project("{2150E333-8FDC-42A3-9474-1A3956D46DE8}") = "API", "API", "{530DBED4-DF53-46E8-997F-8562879B73FD}"
EndProject
Project("{2150E333-8FDC-42A3-9474-1A3956D46DE8}") = "Translator", "Translator", "{ECB3FA95-9A85-4012-AB79-2E7A0324A856}"
EndProject
Project("{2150E333-8FDC-42A3-9474-1A3956D46DE8}") = "Parser", "Parser", "{06B14C67-0296-4C01-925E-E596F514EF80}"
EndProject
Project("{9A19103F-16F7-4668-BE54-9A1E7A4F7556}") = "Parser.BLL", "API\Parser\Parser.BLL\Parser.BLL.csproj", "{1C83AF68-D92D-432B-9FF7-763A63EEC02C}"
EndProject
Project("{9A19103F-16F7-4668-BE54-9A1E7A4F7556}") = "Parser.DAL", "API\Parser\Parser.DAL\Parser.DAL.csproj", "{A37F63F6-8AFA-4DA6-AE3D-99BA468EE721}"
EndProject
Project("{9A19103F-16F7-4668-BE54-9A1E7A4F7556}") = "Parser.PL", "API\Parser\Parser.PL\Parser.PL.csproj", "{269CC96F-2946-4A4E-9C9C-8A29C95F340A}"
EndProject
Project("{9A19103F-16F7-4668-BE54-9A1E7A4F7556}") = "Translator.PL", "API\Translator\Translator.PL\Translator.PL.csproj", "{DE5ED207-3DA5-49BF-B280-C02072AE5BBB}"
EndProject
Global
	GlobalSection(SolutionConfigurationPlatforms) = preSolution
		Debug|Any CPU = Debug|Any CPU
		Release|Any CPU = Release|Any CPU
	EndGlobalSection
	GlobalSection(ProjectConfigurationPlatforms) = postSolution
		{95F43B4B-8D8B-48F7-BE1A-8BB5DCD45D8B}.Debug|Any CPU.ActiveCfg = Debug|Any CPU
		{95F43B4B-8D8B-48F7-BE1A-8BB5DCD45D8B}.Debug|Any CPU.Build.0 = Debug|Any CPU
		{95F43B4B-8D8B-48F7-BE1A-8BB5DCD45D8B}.Release|Any CPU.ActiveCfg = Release|Any CPU
		{95F43B4B-8D8B-48F7-BE1A-8BB5DCD45D8B}.Release|Any CPU.Build.0 = Release|Any CPU
		{1C83AF68-D92D-432B-9FF7-763A63EEC02C}.Debug|Any CPU.ActiveCfg = Debug|Any CPU
		{1C83AF68-D92D-432B-9FF7-763A63EEC02C}.Debug|Any CPU.Build.0 = Debug|Any CPU
		{1C83AF68-D92D-432B-9FF7-763A63EEC02C}.Release|Any CPU.ActiveCfg = Release|Any CPU
		{1C83AF68-D92D-432B-9FF7-763A63EEC02C}.Release|Any CPU.Build.0 = Release|Any CPU
		{A37F63F6-8AFA-4DA6-AE3D-99BA468EE721}.Debug|Any CPU.ActiveCfg = Debug|Any CPU
		{A37F63F6-8AFA-4DA6-AE3D-99BA468EE721}.Debug|Any CPU.Build.0 = Debug|Any CPU
		{A37F63F6-8AFA-4DA6-AE3D-99BA468EE721}.Release|Any CPU.ActiveCfg = Release|Any CPU
		{A37F63F6-8AFA-4DA6-AE3D-99BA468EE721}.Release|Any CPU.Build.0 = Release|Any CPU
		{269CC96F-2946-4A4E-9C9C-8A29C95F340A}.Debug|Any CPU.ActiveCfg = Debug|Any CPU
		{269CC96F-2946-4A4E-9C9C-8A29C95F340A}.Debug|Any CPU.Build.0 = Debug|Any CPU
		{269CC96F-2946-4A4E-9C9C-8A29C95F340A}.Release|Any CPU.ActiveCfg = Release|Any CPU
		{269CC96F-2946-4A4E-9C9C-8A29C95F340A}.Release|Any CPU.Build.0 = Release|Any CPU
		{DE5ED207-3DA5-49BF-B280-C02072AE5BBB}.Debug|Any CPU.ActiveCfg = Debug|Any CPU
		{DE5ED207-3DA5-49BF-B280-C02072AE5BBB}.Debug|Any CPU.Build.0 = Debug|Any CPU
		{DE5ED207-3DA5-49BF-B280-C02072AE5BBB}.Release|Any CPU.ActiveCfg = Release|Any CPU
		{DE5ED207-3DA5-49BF-B280-C02072AE5BBB}.Release|Any CPU.Build.0 = Release|Any CPU
	EndGlobalSection
	GlobalSection(SolutionProperties) = preSolution
		HideSolutionNode = FALSE
	EndGlobalSection
	GlobalSection(NestedProjects) = preSolution
		{ECB3FA95-9A85-4012-AB79-2E7A0324A856} = {530DBED4-DF53-46E8-997F-8562879B73FD}
		{06B14C67-0296-4C01-925E-E596F514EF80} = {530DBED4-DF53-46E8-997F-8562879B73FD}
		{1C83AF68-D92D-432B-9FF7-763A63EEC02C} = {06B14C67-0296-4C01-925E-E596F514EF80}
		{A37F63F6-8AFA-4DA6-AE3D-99BA468EE721} = {06B14C67-0296-4C01-925E-E596F514EF80}
		{269CC96F-2946-4A4E-9C9C-8A29C95F340A} = {06B14C67-0296-4C01-925E-E596F514EF80}
		{DE5ED207-3DA5-49BF-B280-C02072AE5BBB} = {ECB3FA95-9A85-4012-AB79-2E7A0324A856}
	EndGlobalSection
	GlobalSection(ExtensibilityGlobals) = postSolution
		SolutionGuid = {946B0B99-0044-4490-AFB3-69A0B53A459D}
	EndGlobalSection
EndGlobal
